// !$*UTF8*$!
{
	archiveVersion = 1;
	classes = {
	};
	objectVersion = 55;
	objects = {

/* Begin PBXBuildFile section */
		3DE156FD27947AA400EA611A /* AppDelegate.swift in Sources */ = {isa = PBXBuildFile; fileRef = 3DE156FC27947AA400EA611A /* AppDelegate.swift */; };
		3DE1570427947AA400EA611A /* Main.storyboard in Resources */ = {isa = PBXBuildFile; fileRef = 3DE1570227947AA400EA611A /* Main.storyboard */; };
		3DE1570627947AA900EA611A /* Assets.xcassets in Resources */ = {isa = PBXBuildFile; fileRef = 3DE1570527947AA900EA611A /* Assets.xcassets */; };
		3DE1570927947AA900EA611A /* LaunchScreen.storyboard in Resources */ = {isa = PBXBuildFile; fileRef = 3DE1570727947AA900EA611A /* LaunchScreen.storyboard */; };
		3DE1571427947AAA00EA611A /* testmissionTests.swift in Sources */ = {isa = PBXBuildFile; fileRef = 3DE1571327947AAA00EA611A /* testmissionTests.swift */; };
		3DE1571E27947AAA00EA611A /* testmissionUITests.swift in Sources */ = {isa = PBXBuildFile; fileRef = 3DE1571D27947AAA00EA611A /* testmissionUITests.swift */; };
		3DE1572027947AAA00EA611A /* testmissionUITestsLaunchTests.swift in Sources */ = {isa = PBXBuildFile; fileRef = 3DE1571F27947AAA00EA611A /* testmissionUITestsLaunchTests.swift */; };
		3DE3B79227950D970009BDD6 /* LoginViewController.swift in Sources */ = {isa = PBXBuildFile; fileRef = 3DE3B79127950D970009BDD6 /* LoginViewController.swift */; };
		3DE3B79427950DAA0009BDD6 /* RegisterViewController.swift in Sources */ = {isa = PBXBuildFile; fileRef = 3DE3B79327950DAA0009BDD6 /* RegisterViewController.swift */; };
		3DE3B79627950DBE0009BDD6 /* HomeViewController.swift in Sources */ = {isa = PBXBuildFile; fileRef = 3DE3B79527950DBE0009BDD6 /* HomeViewController.swift */; };
		3DE3B798279517640009BDD6 /* GoogleService-Info.plist in Resources */ = {isa = PBXBuildFile; fileRef = 3DE3B797279517640009BDD6 /* GoogleService-Info.plist */; };
		969215B327955A4400A439B0 /* Card.swift in Sources */ = {isa = PBXBuildFile; fileRef = 969215B227955A4400A439B0 /* Card.swift */; };
		F1084634DA626042B1264011 /* Pods_testmission.framework in Frameworks */ = {isa = PBXBuildFile; fileRef = 912B1CCB3E668201441E57BA /* Pods_testmission.framework */; };
/* End PBXBuildFile section */

/* Begin PBXContainerItemProxy section */
		3DE1571027947AAA00EA611A /* PBXContainerItemProxy */ = {
			isa = PBXContainerItemProxy;
			containerPortal = 3DE156F127947AA400EA611A /* Project object */;
			proxyType = 1;
			remoteGlobalIDString = 3DE156F827947AA400EA611A;
			remoteInfo = testmission;
		};
		3DE1571A27947AAA00EA611A /* PBXContainerItemProxy */ = {
			isa = PBXContainerItemProxy;
			containerPortal = 3DE156F127947AA400EA611A /* Project object */;
			proxyType = 1;
			remoteGlobalIDString = 3DE156F827947AA400EA611A;
			remoteInfo = testmission;
		};
/* End PBXContainerItemProxy section */

/* Begin PBXFileReference section */
		3DE156F927947AA400EA611A /* testmission.app */ = {isa = PBXFileReference; explicitFileType = wrapper.application; includeInIndex = 0; path = testmission.app; sourceTree = BUILT_PRODUCTS_DIR; };
		3DE156FC27947AA400EA611A /* AppDelegate.swift */ = {isa = PBXFileReference; lastKnownFileType = sourcecode.swift; path = AppDelegate.swift; sourceTree = "<group>"; };
		3DE1570327947AA400EA611A /* Base */ = {isa = PBXFileReference; lastKnownFileType = file.storyboard; name = Base; path = Base.lproj/Main.storyboard; sourceTree = "<group>"; };
		3DE1570527947AA900EA611A /* Assets.xcassets */ = {isa = PBXFileReference; lastKnownFileType = folder.assetcatalog; path = Assets.xcassets; sourceTree = "<group>"; };
		3DE1570827947AA900EA611A /* Base */ = {isa = PBXFileReference; lastKnownFileType = file.storyboard; name = Base; path = Base.lproj/LaunchScreen.storyboard; sourceTree = "<group>"; };
		3DE1570A27947AA900EA611A /* Info.plist */ = {isa = PBXFileReference; lastKnownFileType = text.plist.xml; path = Info.plist; sourceTree = "<group>"; };
		3DE1570F27947AAA00EA611A /* testmissionTests.xctest */ = {isa = PBXFileReference; explicitFileType = wrapper.cfbundle; includeInIndex = 0; path = testmissionTests.xctest; sourceTree = BUILT_PRODUCTS_DIR; };
		3DE1571327947AAA00EA611A /* testmissionTests.swift */ = {isa = PBXFileReference; lastKnownFileType = sourcecode.swift; path = testmissionTests.swift; sourceTree = "<group>"; };
		3DE1571927947AAA00EA611A /* testmissionUITests.xctest */ = {isa = PBXFileReference; explicitFileType = wrapper.cfbundle; includeInIndex = 0; path = testmissionUITests.xctest; sourceTree = BUILT_PRODUCTS_DIR; };
		3DE1571D27947AAA00EA611A /* testmissionUITests.swift */ = {isa = PBXFileReference; lastKnownFileType = sourcecode.swift; path = testmissionUITests.swift; sourceTree = "<group>"; };
		3DE1571F27947AAA00EA611A /* testmissionUITestsLaunchTests.swift */ = {isa = PBXFileReference; lastKnownFileType = sourcecode.swift; path = testmissionUITestsLaunchTests.swift; sourceTree = "<group>"; };
		3DE3B79127950D970009BDD6 /* LoginViewController.swift */ = {isa = PBXFileReference; lastKnownFileType = sourcecode.swift; path = LoginViewController.swift; sourceTree = "<group>"; };
		3DE3B79327950DAA0009BDD6 /* RegisterViewController.swift */ = {isa = PBXFileReference; lastKnownFileType = sourcecode.swift; path = RegisterViewController.swift; sourceTree = "<group>"; };
		3DE3B79527950DBE0009BDD6 /* HomeViewController.swift */ = {isa = PBXFileReference; lastKnownFileType = sourcecode.swift; path = HomeViewController.swift; sourceTree = "<group>"; };
		3DE3B797279517640009BDD6 /* GoogleService-Info.plist */ = {isa = PBXFileReference; fileEncoding = 4; lastKnownFileType = text.plist.xml; path = "GoogleService-Info.plist"; sourceTree = "<group>"; };
		912B1CCB3E668201441E57BA /* Pods_testmission.framework */ = {isa = PBXFileReference; explicitFileType = wrapper.framework; includeInIndex = 0; path = Pods_testmission.framework; sourceTree = BUILT_PRODUCTS_DIR; };
		969215B227955A4400A439B0 /* Card.swift */ = {isa = PBXFileReference; lastKnownFileType = sourcecode.swift; path = Card.swift; sourceTree = "<group>"; };
		BEF88E8F244D08490B789EA6 /* Pods-testmission.release.xcconfig */ = {isa = PBXFileReference; includeInIndex = 1; lastKnownFileType = text.xcconfig; name = "Pods-testmission.release.xcconfig"; path = "Target Support Files/Pods-testmission/Pods-testmission.release.xcconfig"; sourceTree = "<group>"; };
		E48749CBCB94CCB9F92297B7 /* Pods-testmission.debug.xcconfig */ = {isa = PBXFileReference; includeInIndex = 1; lastKnownFileType = text.xcconfig; name = "Pods-testmission.debug.xcconfig"; path = "Target Support Files/Pods-testmission/Pods-testmission.debug.xcconfig"; sourceTree = "<group>"; };
/* End PBXFileReference section */

/* Begin PBXFrameworksBuildPhase section */
		3DE156F627947AA400EA611A /* Frameworks */ = {
			isa = PBXFrameworksBuildPhase;
			buildActionMask = 2147483647;
			files = (
				F1084634DA626042B1264011 /* Pods_testmission.framework in Frameworks */,
			);
			runOnlyForDeploymentPostprocessing = 0;
		};
		3DE1570C27947AAA00EA611A /* Frameworks */ = {
			isa = PBXFrameworksBuildPhase;
			buildActionMask = 2147483647;
			files = (
			);
			runOnlyForDeploymentPostprocessing = 0;
		};
		3DE1571627947AAA00EA611A /* Frameworks */ = {
			isa = PBXFrameworksBuildPhase;
			buildActionMask = 2147483647;
			files = (
			);
			runOnlyForDeploymentPostprocessing = 0;
		};
/* End PBXFrameworksBuildPhase section */

/* Begin PBXGroup section */
		3DE156F027947AA400EA611A = {
			isa = PBXGroup;
			children = (
				3DE156FB27947AA400EA611A /* testmission */,
				3DE1571227947AAA00EA611A /* testmissionTests */,
				3DE1571C27947AAA00EA611A /* testmissionUITests */,
				3DE156FA27947AA400EA611A /* Products */,
				9FE2F73BAA8B8EE62180940E /* Pods */,
				9016324AC4C02662DD819DFD /* Frameworks */,
			);
			sourceTree = "<group>";
		};
		3DE156FA27947AA400EA611A /* Products */ = {
			isa = PBXGroup;
			children = (
				3DE156F927947AA400EA611A /* testmission.app */,
				3DE1570F27947AAA00EA611A /* testmissionTests.xctest */,
				3DE1571927947AAA00EA611A /* testmissionUITests.xctest */,
			);
			name = Products;
			sourceTree = "<group>";
		};
		3DE156FB27947AA400EA611A /* testmission */ = {
			isa = PBXGroup;
			children = (
				969215B127955A3300A439B0 /* models */,
				3DE156FC27947AA400EA611A /* AppDelegate.swift */,
				3DE1570227947AA400EA611A /* Main.storyboard */,
				3DE1570527947AA900EA611A /* Assets.xcassets */,
				3DE1570727947AA900EA611A /* LaunchScreen.storyboard */,
				3DE1570A27947AA900EA611A /* Info.plist */,
				3DE3B79127950D970009BDD6 /* LoginViewController.swift */,
				3DE3B797279517640009BDD6 /* GoogleService-Info.plist */,
				3DE3B79327950DAA0009BDD6 /* RegisterViewController.swift */,
				3DE3B79527950DBE0009BDD6 /* HomeViewController.swift */,
			);
			path = testmission;
			sourceTree = "<group>";
		};
		3DE1571227947AAA00EA611A /* testmissionTests */ = {
			isa = PBXGroup;
			children = (
				3DE1571327947AAA00EA611A /* testmissionTests.swift */,
			);
			path = testmissionTests;
			sourceTree = "<group>";
		};
		3DE1571C27947AAA00EA611A /* testmissionUITests */ = {
			isa = PBXGroup;
			children = (
				3DE1571D27947AAA00EA611A /* testmissionUITests.swift */,
				3DE1571F27947AAA00EA611A /* testmissionUITestsLaunchTests.swift */,
			);
			path = testmissionUITests;
			sourceTree = "<group>";
		};
		9016324AC4C02662DD819DFD /* Frameworks */ = {
			isa = PBXGroup;
			children = (
				912B1CCB3E668201441E57BA /* Pods_testmission.framework */,
			);
			name = Frameworks;
			sourceTree = "<group>";
		};
		969215B127955A3300A439B0 /* models */ = {
			isa = PBXGroup;
			children = (
				969215B227955A4400A439B0 /* Card.swift */,
			);
			path = models;
			sourceTree = "<group>";
		};
		9FE2F73BAA8B8EE62180940E /* Pods */ = {
			isa = PBXGroup;
			children = (
				E48749CBCB94CCB9F92297B7 /* Pods-testmission.debug.xcconfig */,
				BEF88E8F244D08490B789EA6 /* Pods-testmission.release.xcconfig */,
			);
			path = Pods;
			sourceTree = "<group>";
		};
/* End PBXGroup section */

/* Begin PBXNativeTarget section */
		3DE156F827947AA400EA611A /* testmission */ = {
			isa = PBXNativeTarget;
			buildConfigurationList = 3DE1572327947AAA00EA611A /* Build configuration list for PBXNativeTarget "testmission" */;
			buildPhases = (
				95A070EEEE085D4B1C5370BC /* [CP] Check Pods Manifest.lock */,
				3DE156F527947AA400EA611A /* Sources */,
				3DE156F627947AA400EA611A /* Frameworks */,
				3DE156F727947AA400EA611A /* Resources */,
				3A77193E660CBCCB7AC2F0F2 /* [CP] Embed Pods Frameworks */,
			);
			buildRules = (
			);
			dependencies = (
			);
			name = testmission;
			productName = testmission;
			productReference = 3DE156F927947AA400EA611A /* testmission.app */;
			productType = "com.apple.product-type.application";
		};
		3DE1570E27947AAA00EA611A /* testmissionTests */ = {
			isa = PBXNativeTarget;
			buildConfigurationList = 3DE1572627947AAA00EA611A /* Build configuration list for PBXNativeTarget "testmissionTests" */;
			buildPhases = (
				3DE1570B27947AAA00EA611A /* Sources */,
				3DE1570C27947AAA00EA611A /* Frameworks */,
				3DE1570D27947AAA00EA611A /* Resources */,
			);
			buildRules = (
			);
			dependencies = (
				3DE1571127947AAA00EA611A /* PBXTargetDependency */,
			);
			name = testmissionTests;
			productName = testmissionTests;
			productReference = 3DE1570F27947AAA00EA611A /* testmissionTests.xctest */;
			productType = "com.apple.product-type.bundle.unit-test";
		};
		3DE1571827947AAA00EA611A /* testmissionUITests */ = {
			isa = PBXNativeTarget;
			buildConfigurationList = 3DE1572927947AAA00EA611A /* Build configuration list for PBXNativeTarget "testmissionUITests" */;
			buildPhases = (
				3DE1571527947AAA00EA611A /* Sources */,
				3DE1571627947AAA00EA611A /* Frameworks */,
				3DE1571727947AAA00EA611A /* Resources */,
			);
			buildRules = (
			);
			dependencies = (
				3DE1571B27947AAA00EA611A /* PBXTargetDependency */,
			);
			name = testmissionUITests;
			productName = testmissionUITests;
			productReference = 3DE1571927947AAA00EA611A /* testmissionUITests.xctest */;
			productType = "com.apple.product-type.bundle.ui-testing";
		};
/* End PBXNativeTarget section */

/* Begin PBXProject section */
		3DE156F127947AA400EA611A /* Project object */ = {
			isa = PBXProject;
			attributes = {
				BuildIndependentTargetsInParallel = 1;
				LastSwiftUpdateCheck = 1320;
				LastUpgradeCheck = 1320;
				TargetAttributes = {
					3DE156F827947AA400EA611A = {
						CreatedOnToolsVersion = 13.2.1;
					};
					3DE1570E27947AAA00EA611A = {
						CreatedOnToolsVersion = 13.2.1;
						TestTargetID = 3DE156F827947AA400EA611A;
					};
					3DE1571827947AAA00EA611A = {
						CreatedOnToolsVersion = 13.2.1;
						TestTargetID = 3DE156F827947AA400EA611A;
					};
				};
			};
			buildConfigurationList = 3DE156F427947AA400EA611A /* Build configuration list for PBXProject "testmission" */;
			compatibilityVersion = "Xcode 13.0";
			developmentRegion = en;
			hasScannedForEncodings = 0;
			knownRegions = (
				en,
				Base,
			);
			mainGroup = 3DE156F027947AA400EA611A;
			productRefGroup = 3DE156FA27947AA400EA611A /* Products */;
			projectDirPath = "";
			projectRoot = "";
			targets = (
				3DE156F827947AA400EA611A /* testmission */,
				3DE1570E27947AAA00EA611A /* testmissionTests */,
				3DE1571827947AAA00EA611A /* testmissionUITests */,
			);
		};
/* End PBXProject section */

/* Begin PBXResourcesBuildPhase section */
		3DE156F727947AA400EA611A /* Resources */ = {
			isa = PBXResourcesBuildPhase;
			buildActionMask = 2147483647;
			files = (
				3DE1570927947AA900EA611A /* LaunchScreen.storyboard in Resources */,
				3DE3B798279517640009BDD6 /* GoogleService-Info.plist in Resources */,
				3DE1570627947AA900EA611A /* Assets.xcassets in Resources */,
				3DE1570427947AA400EA611A /* Main.storyboard in Resources */,
			);
			runOnlyForDeploymentPostprocessing = 0;
		};
		3DE1570D27947AAA00EA611A /* Resources */ = {
			isa = PBXResourcesBuildPhase;
			buildActionMask = 2147483647;
			files = (
			);
			runOnlyForDeploymentPostprocessing = 0;
		};
		3DE1571727947AAA00EA611A /* Resources */ = {
			isa = PBXResourcesBuildPhase;
			buildActionMask = 2147483647;
			files = (
			);
			runOnlyForDeploymentPostprocessing = 0;
		};
/* End PBXResourcesBuildPhase section */

/* Begin PBXShellScriptBuildPhase section */
		3A77193E660CBCCB7AC2F0F2 /* [CP] Embed Pods Frameworks */ = {
			isa = PBXShellScriptBuildPhase;
			buildActionMask = 2147483647;
			files = (
			);
			inputFileListPaths = (
				"${PODS_ROOT}/Target Support Files/Pods-testmission/Pods-testmission-frameworks-${CONFIGURATION}-input-files.xcfilelist",
			);
			name = "[CP] Embed Pods Frameworks";
			outputFileListPaths = (
				"${PODS_ROOT}/Target Support Files/Pods-testmission/Pods-testmission-frameworks-${CONFIGURATION}-output-files.xcfilelist",
			);
			runOnlyForDeploymentPostprocessing = 0;
			shellPath = /bin/sh;
			shellScript = "\"${PODS_ROOT}/Target Support Files/Pods-testmission/Pods-testmission-frameworks.sh\"\n";
			showEnvVarsInLog = 0;
		};
		95A070EEEE085D4B1C5370BC /* [CP] Check Pods Manifest.lock */ = {
			isa = PBXShellScriptBuildPhase;
			buildActionMask = 2147483647;
			files = (
			);
			inputFileListPaths = (
			);
			inputPaths = (
				"${PODS_PODFILE_DIR_PATH}/Podfile.lock",
				"${PODS_ROOT}/Manifest.lock",
			);
			name = "[CP] Check Pods Manifest.lock";
			outputFileListPaths = (
			);
			outputPaths = (
				"$(DERIVED_FILE_DIR)/Pods-testmission-checkManifestLockResult.txt",
			);
			runOnlyForDeploymentPostprocessing = 0;
			shellPath = /bin/sh;
			shellScript = "diff \"${PODS_PODFILE_DIR_PATH}/Podfile.lock\" \"${PODS_ROOT}/Manifest.lock\" > /dev/null\nif [ $? != 0 ] ; then\n    # print error to STDERR\n    echo \"error: The sandbox is not in sync with the Podfile.lock. Run 'pod install' or update your CocoaPods installation.\" >&2\n    exit 1\nfi\n# This output is used by Xcode 'outputs' to avoid re-running this script phase.\necho \"SUCCESS\" > \"${SCRIPT_OUTPUT_FILE_0}\"\n";
			showEnvVarsInLog = 0;
		};
/* End PBXShellScriptBuildPhase section */

/* Begin PBXSourcesBuildPhase section */
		3DE156F527947AA400EA611A /* Sources */ = {
			isa = PBXSourcesBuildPhase;
			buildActionMask = 2147483647;
			files = (
				3DE3B79427950DAA0009BDD6 /* RegisterViewController.swift in Sources */,
				3DE3B79227950D970009BDD6 /* LoginViewController.swift in Sources */,
				969215B327955A4400A439B0 /* Card.swift in Sources */,
				3DE156FD27947AA400EA611A /* AppDelegate.swift in Sources */,
				3DE3B79627950DBE0009BDD6 /* HomeViewController.swift in Sources */,
			);
			runOnlyForDeploymentPostprocessing = 0;
		};
		3DE1570B27947AAA00EA611A /* Sources */ = {
			isa = PBXSourcesBuildPhase;
			buildActionMask = 2147483647;
			files = (
				3DE1571427947AAA00EA611A /* testmissionTests.swift in Sources */,
			);
			runOnlyForDeploymentPostprocessing = 0;
		};
		3DE1571527947AAA00EA611A /* Sources */ = {
			isa = PBXSourcesBuildPhase;
			buildActionMask = 2147483647;
			files = (
				3DE1571E27947AAA00EA611A /* testmissionUITests.swift in Sources */,
				3DE1572027947AAA00EA611A /* testmissionUITestsLaunchTests.swift in Sources */,
			);
			runOnlyForDeploymentPostprocessing = 0;
		};
/* End PBXSourcesBuildPhase section */

/* Begin PBXTargetDependency section */
		3DE1571127947AAA00EA611A /* PBXTargetDependency */ = {
			isa = PBXTargetDependency;
			target = 3DE156F827947AA400EA611A /* testmission */;
			targetProxy = 3DE1571027947AAA00EA611A /* PBXContainerItemProxy */;
		};
		3DE1571B27947AAA00EA611A /* PBXTargetDependency */ = {
			isa = PBXTargetDependency;
			target = 3DE156F827947AA400EA611A /* testmission */;
			targetProxy = 3DE1571A27947AAA00EA611A /* PBXContainerItemProxy */;
		};
/* End PBXTargetDependency section */

/* Begin PBXVariantGroup section */
		3DE1570227947AA400EA611A /* Main.storyboard */ = {
			isa = PBXVariantGroup;
			children = (
				3DE1570327947AA400EA611A /* Base */,
			);
			name = Main.storyboard;
			sourceTree = "<group>";
		};
		3DE1570727947AA900EA611A /* LaunchScreen.storyboard */ = {
			isa = PBXVariantGroup;
			children = (
				3DE1570827947AA900EA611A /* Base */,
			);
			name = LaunchScreen.storyboard;
			sourceTree = "<group>";
		};
/* End PBXVariantGroup section */

/* Begin XCBuildConfiguration section */
		3DE1572127947AAA00EA611A /* Debug */ = {
			isa = XCBuildConfiguration;
			buildSettings = {
				ALWAYS_SEARCH_USER_PATHS = NO;
				CLANG_ANALYZER_NONNULL = YES;
				CLANG_ANALYZER_NUMBER_OBJECT_CONVERSION = YES_AGGRESSIVE;
				CLANG_CXX_LANGUAGE_STANDARD = "gnu++17";
				CLANG_CXX_LIBRARY = "libc++";
				CLANG_ENABLE_MODULES = YES;
				CLANG_ENABLE_OBJC_ARC = YES;
				CLANG_ENABLE_OBJC_WEAK = YES;
				CLANG_WARN_BLOCK_CAPTURE_AUTORELEASING = YES;
				CLANG_WARN_BOOL_CONVERSION = YES;
				CLANG_WARN_COMMA = YES;
				CLANG_WARN_CONSTANT_CONVERSION = YES;
				CLANG_WARN_DEPRECATED_OBJC_IMPLEMENTATIONS = YES;
				CLANG_WARN_DIRECT_OBJC_ISA_USAGE = YES_ERROR;
				CLANG_WARN_DOCUMENTATION_COMMENTS = YES;
				CLANG_WARN_EMPTY_BODY = YES;
				CLANG_WARN_ENUM_CONVERSION = YES;
				CLANG_WARN_INFINITE_RECURSION = YES;
				CLANG_WARN_INT_CONVERSION = YES;
				CLANG_WARN_NON_LITERAL_NULL_CONVERSION = YES;
				CLANG_WARN_OBJC_IMPLICIT_RETAIN_SELF = YES;
				CLANG_WARN_OBJC_LITERAL_CONVERSION = YES;
				CLANG_WARN_OBJC_ROOT_CLASS = YES_ERROR;
				CLANG_WARN_QUOTED_INCLUDE_IN_FRAMEWORK_HEADER = YES;
				CLANG_WARN_RANGE_LOOP_ANALYSIS = YES;
				CLANG_WARN_STRICT_PROTOTYPES = YES;
				CLANG_WARN_SUSPICIOUS_MOVE = YES;
				CLANG_WARN_UNGUARDED_AVAILABILITY = YES_AGGRESSIVE;
				CLANG_WARN_UNREACHABLE_CODE = YES;
				CLANG_WARN__DUPLICATE_METHOD_MATCH = YES;
				COPY_PHASE_STRIP = NO;
				DEBUG_INFORMATION_FORMAT = dwarf;
				ENABLE_STRICT_OBJC_MSGSEND = YES;
				ENABLE_TESTABILITY = YES;
				GCC_C_LANGUAGE_STANDARD = gnu11;
				GCC_DYNAMIC_NO_PIC = NO;
				GCC_NO_COMMON_BLOCKS = YES;
				GCC_OPTIMIZATION_LEVEL = 0;
				GCC_PREPROCESSOR_DEFINITIONS = (
					"DEBUG=1",
					"$(inherited)",
				);
				GCC_WARN_64_TO_32_BIT_CONVERSION = YES;
				GCC_WARN_ABOUT_RETURN_TYPE = YES_ERROR;
				GCC_WARN_UNDECLARED_SELECTOR = YES;
				GCC_WARN_UNINITIALIZED_AUTOS = YES_AGGRESSIVE;
				GCC_WARN_UNUSED_FUNCTION = YES;
				GCC_WARN_UNUSED_VARIABLE = YES;
				IPHONEOS_DEPLOYMENT_TARGET = 15.2;
				MTL_ENABLE_DEBUG_INFO = INCLUDE_SOURCE;
				MTL_FAST_MATH = YES;
				ONLY_ACTIVE_ARCH = YES;
				SDKROOT = iphoneos;
				SWIFT_ACTIVE_COMPILATION_CONDITIONS = DEBUG;
				SWIFT_OPTIMIZATION_LEVEL = "-Onone";
			};
			name = Debug;
		};
		3DE1572227947AAA00EA611A /* Release */ = {
			isa = XCBuildConfiguration;
			buildSettings = {
				ALWAYS_SEARCH_USER_PATHS = NO;
				CLANG_ANALYZER_NONNULL = YES;
				CLANG_ANALYZER_NUMBER_OBJECT_CONVERSION = YES_AGGRESSIVE;
				CLANG_CXX_LANGUAGE_STANDARD = "gnu++17";
				CLANG_CXX_LIBRARY = "libc++";
				CLANG_ENABLE_MODULES = YES;
				CLANG_ENABLE_OBJC_ARC = YES;
				CLANG_ENABLE_OBJC_WEAK = YES;
				CLANG_WARN_BLOCK_CAPTURE_AUTORELEASING = YES;
				CLANG_WARN_BOOL_CONVERSION = YES;
				CLANG_WARN_COMMA = YES;
				CLANG_WARN_CONSTANT_CONVERSION = YES;
				CLANG_WARN_DEPRECATED_OBJC_IMPLEMENTATIONS = YES;
				CLANG_WARN_DIRECT_OBJC_ISA_USAGE = YES_ERROR;
				CLANG_WARN_DOCUMENTATION_COMMENTS = YES;
				CLANG_WARN_EMPTY_BODY = YES;
				CLANG_WARN_ENUM_CONVERSION = YES;
				CLANG_WARN_INFINITE_RECURSION = YES;
				CLANG_WARN_INT_CONVERSION = YES;
				CLANG_WARN_NON_LITERAL_NULL_CONVERSION = YES;
				CLANG_WARN_OBJC_IMPLICIT_RETAIN_SELF = YES;
				CLANG_WARN_OBJC_LITERAL_CONVERSION = YES;
				CLANG_WARN_OBJC_ROOT_CLASS = YES_ERROR;
				CLANG_WARN_QUOTED_INCLUDE_IN_FRAMEWORK_HEADER = YES;
				CLANG_WARN_RANGE_LOOP_ANALYSIS = YES;
				CLANG_WARN_STRICT_PROTOTYPES = YES;
				CLANG_WARN_SUSPICIOUS_MOVE = YES;
				CLANG_WARN_UNGUARDED_AVAILABILITY = YES_AGGRESSIVE;
				CLANG_WARN_UNREACHABLE_CODE = YES;
				CLANG_WARN__DUPLICATE_METHOD_MATCH = YES;
				COPY_PHASE_STRIP = NO;
				DEBUG_INFORMATION_FORMAT = "dwarf-with-dsym";
				ENABLE_NS_ASSERTIONS = NO;
				ENABLE_STRICT_OBJC_MSGSEND = YES;
				GCC_C_LANGUAGE_STANDARD = gnu11;
				GCC_NO_COMMON_BLOCKS = YES;
				GCC_WARN_64_TO_32_BIT_CONVERSION = YES;
				GCC_WARN_ABOUT_RETURN_TYPE = YES_ERROR;
				GCC_WARN_UNDECLARED_SELECTOR = YES;
				GCC_WARN_UNINITIALIZED_AUTOS = YES_AGGRESSIVE;
				GCC_WARN_UNUSED_FUNCTION = YES;
				GCC_WARN_UNUSED_VARIABLE = YES;
				IPHONEOS_DEPLOYMENT_TARGET = 15.2;
				MTL_ENABLE_DEBUG_INFO = NO;
				MTL_FAST_MATH = YES;
				SDKROOT = iphoneos;
				SWIFT_COMPILATION_MODE = wholemodule;
				SWIFT_OPTIMIZATION_LEVEL = "-O";
				VALIDATE_PRODUCT = YES;
			};
			name = Release;
		};
		3DE1572427947AAA00EA611A /* Debug */ = {
			isa = XCBuildConfiguration;
			baseConfigurationReference = E48749CBCB94CCB9F92297B7 /* Pods-testmission.debug.xcconfig */;
			buildSettings = {
				ASSETCATALOG_COMPILER_APPICON_NAME = AppIcon;
				ASSETCATALOG_COMPILER_GLOBAL_ACCENT_COLOR_NAME = AccentColor;
				CODE_SIGN_STYLE = Automatic;
				CURRENT_PROJECT_VERSION = 1;
				DEVELOPMENT_TEAM = XG6J99B6RT;
				GENERATE_INFOPLIST_FILE = YES;
				INFOPLIST_FILE = testmission/Info.plist;
				INFOPLIST_KEY_CFBundleDisplayName = Test;
				INFOPLIST_KEY_NSCameraUsageDescription = "";
				INFOPLIST_KEY_NSPhotoLibraryAddUsageDescription = "";
				INFOPLIST_KEY_UIApplicationSupportsIndirectInputEvents = YES;
				INFOPLIST_KEY_UILaunchStoryboardName = "Launch Screen";
				INFOPLIST_KEY_UIMainStoryboardFile = Main;
				INFOPLIST_KEY_UIRequiredDeviceCapabilities = armv7;
				INFOPLIST_KEY_UISupportedInterfaceOrientations = UIInterfaceOrientationPortrait;
				INFOPLIST_KEY_UISupportedInterfaceOrientations_iPad = "UIInterfaceOrientationPortrait UIInterfaceOrientationPortraitUpsideDown UIInterfaceOrientationLandscapeLeft UIInterfaceOrientationLandscapeRight";
				INFOPLIST_KEY_UISupportedInterfaceOrientations_iPhone = "UIInterfaceOrientationPortrait UIInterfaceOrientationLandscapeLeft UIInterfaceOrientationLandscapeRight";
				LD_RUNPATH_SEARCH_PATHS = (
					"$(inherited)",
					"@executable_path/Frameworks",
				);
				MARKETING_VERSION = 1.0;
				PRODUCT_BUNDLE_IDENTIFIER = conceptcube.testmission;
				PRODUCT_NAME = "$(TARGET_NAME)";
				SWIFT_EMIT_LOC_STRINGS = YES;
				SWIFT_VERSION = 5.0;
				TARGETED_DEVICE_FAMILY = "1,2";
			};
			name = Debug;
		};
		3DE1572527947AAA00EA611A /* Release */ = {
			isa = XCBuildConfiguration;
			baseConfigurationReference = BEF88E8F244D08490B789EA6 /* Pods-testmission.release.xcconfig */;
			buildSettings = {
				ASSETCATALOG_COMPILER_APPICON_NAME = AppIcon;
				ASSETCATALOG_COMPILER_GLOBAL_ACCENT_COLOR_NAME = AccentColor;
				CODE_SIGN_STYLE = Automatic;
				CURRENT_PROJECT_VERSION = 1;
				DEVELOPMENT_TEAM = XG6J99B6RT;
				GENERATE_INFOPLIST_FILE = YES;
				INFOPLIST_FILE = testmission/Info.plist;
				INFOPLIST_KEY_CFBundleDisplayName = Test;
				INFOPLIST_KEY_NSCameraUsageDescription = "";
				INFOPLIST_KEY_NSPhotoLibraryAddUsageDescription = "";
				INFOPLIST_KEY_UIApplicationSupportsIndirectInputEvents = YES;
				INFOPLIST_KEY_UILaunchStoryboardName = "Launch Screen";
				INFOPLIST_KEY_UIMainStoryboardFile = Main;
				INFOPLIST_KEY_UIRequiredDeviceCapabilities = armv7;
				INFOPLIST_KEY_UISupportedInterfaceOrientations = UIInterfaceOrientationPortrait;
				INFOPLIST_KEY_UISupportedInterfaceOrientations_iPad = "UIInterfaceOrientationPortrait UIInterfaceOrientationPortraitUpsideDown UIInterfaceOrientationLandscapeLeft UIInterfaceOrientationLandscapeRight";
				INFOPLIST_KEY_UISupportedInterfaceOrientations_iPhone = "UIInterfaceOrientationPortrait UIInterfaceOrientationLandscapeLeft UIInterfaceOrientationLandscapeRight";
				LD_RUNPATH_SEARCH_PATHS = (
					"$(inherited)",
					"@executable_path/Frameworks",
				);
				MARKETING_VERSION = 1.0;
				PRODUCT_BUNDLE_IDENTIFIER = conceptcube.testmission;
				PRODUCT_NAME = "$(TARGET_NAME)";
				SWIFT_EMIT_LOC_STRINGS = YES;
				SWIFT_VERSION = 5.0;
				TARGETED_DEVICE_FAMILY = "1,2";
			};
			name = Release;
		};
		3DE1572727947AAA00EA611A /* Debug */ = {
			isa = XCBuildConfiguration;
			buildSettings = {
				ALWAYS_EMBED_SWIFT_STANDARD_LIBRARIES = YES;
				BUNDLE_LOADER = "$(TEST_HOST)";
				CODE_SIGN_STYLE = Automatic;
				CURRENT_PROJECT_VERSION = 1;
				DEVELOPMENT_TEAM = XG6J99B6RT;
				GENERATE_INFOPLIST_FILE = YES;
				IPHONEOS_DEPLOYMENT_TARGET = 15.2;
				MARKETING_VERSION = 1.0;
				PRODUCT_BUNDLE_IDENTIFIER = conceptcube.testmissionTests;
				PRODUCT_NAME = "$(TARGET_NAME)";
				SWIFT_EMIT_LOC_STRINGS = NO;
				SWIFT_VERSION = 5.0;
				TARGETED_DEVICE_FAMILY = "1,2";
				TEST_HOST = "$(BUILT_PRODUCTS_DIR)/testmission.app/testmission";
			};
			name = Debug;
		};
		3DE1572827947AAA00EA611A /* Release */ = {
			isa = XCBuildConfiguration;
			buildSettings = {
				ALWAYS_EMBED_SWIFT_STANDARD_LIBRARIES = YES;
				BUNDLE_LOADER = "$(TEST_HOST)";
				CODE_SIGN_STYLE = Automatic;
				CURRENT_PROJECT_VERSION = 1;
				DEVELOPMENT_TEAM = XG6J99B6RT;
				GENERATE_INFOPLIST_FILE = YES;
				IPHONEOS_DEPLOYMENT_TARGET = 15.2;
				MARKETING_VERSION = 1.0;
				PRODUCT_BUNDLE_IDENTIFIER = conceptcube.testmissionTests;
				PRODUCT_NAME = "$(TARGET_NAME)";
				SWIFT_EMIT_LOC_STRINGS = NO;
				SWIFT_VERSION = 5.0;
				TARGETED_DEVICE_FAMILY = "1,2";
				TEST_HOST = "$(BUILT_PRODUCTS_DIR)/testmission.app/testmission";
			};
			name = Release;
		};
		3DE1572A27947AAA00EA611A /* Debug */ = {
			isa = XCBuildConfiguration;
			buildSettings = {
				ALWAYS_EMBED_SWIFT_STANDARD_LIBRARIES = YES;
				CODE_SIGN_STYLE = Automatic;
				CURRENT_PROJECT_VERSION = 1;
				DEVELOPMENT_TEAM = XG6J99B6RT;
				GENERATE_INFOPLIST_FILE = YES;
				MARKETING_VERSION = 1.0;
				PRODUCT_BUNDLE_IDENTIFIER = conceptcube.testmissionUITests;
				PRODUCT_NAME = "$(TARGET_NAME)";
				SWIFT_EMIT_LOC_STRINGS = NO;
				SWIFT_VERSION = 5.0;
				TARGETED_DEVICE_FAMILY = "1,2";
				TEST_TARGET_NAME = testmission;
			};
			name = Debug;
		};
		3DE1572B27947AAA00EA611A /* Release */ = {
			isa = XCBuildConfiguration;
			buildSettings = {
				ALWAYS_EMBED_SWIFT_STANDARD_LIBRARIES = YES;
				CODE_SIGN_STYLE = Automatic;
				CURRENT_PROJECT_VERSION = 1;
				DEVELOPMENT_TEAM = XG6J99B6RT;
				GENERATE_INFOPLIST_FILE = YES;
				MARKETING_VERSION = 1.0;
				PRODUCT_BUNDLE_IDENTIFIER = conceptcube.testmissionUITests;
				PRODUCT_NAME = "$(TARGET_NAME)";
				SWIFT_EMIT_LOC_STRINGS = NO;
				SWIFT_VERSION = 5.0;
				TARGETED_DEVICE_FAMILY = "1,2";
				TEST_TARGET_NAME = testmission;
			};
			name = Release;
		};
/* End XCBuildConfiguration section */

/* Begin XCConfigurationList section */
		3DE156F427947AA400EA611A /* Build configuration list for PBXProject "testmission" */ = {
			isa = XCConfigurationList;
			buildConfigurations = (
				3DE1572127947AAA00EA611A /* Debug */,
				3DE1572227947AAA00EA611A /* Release */,
			);
			defaultConfigurationIsVisible = 0;
			defaultConfigurationName = Release;
		};
		3DE1572327947AAA00EA611A /* Build configuration list for PBXNativeTarget "testmission" */ = {
			isa = XCConfigurationList;
			buildConfigurations = (
				3DE1572427947AAA00EA611A /* Debug */,
				3DE1572527947AAA00EA611A /* Release */,
			);
			defaultConfigurationIsVisible = 0;
			defaultConfigurationName = Release;
		};
		3DE1572627947AAA00EA611A /* Build configuration list for PBXNativeTarget "testmissionTests" */ = {
			isa = XCConfigurationList;
			buildConfigurations = (
				3DE1572727947AAA00EA611A /* Debug */,
				3DE1572827947AAA00EA611A /* Release */,
			);
			defaultConfigurationIsVisible = 0;
			defaultConfigurationName = Release;
		};
		3DE1572927947AAA00EA611A /* Build configuration list for PBXNativeTarget "testmissionUITests" */ = {
			isa = XCConfigurationList;
			buildConfigurations = (
				3DE1572A27947AAA00EA611A /* Debug */,
				3DE1572B27947AAA00EA611A /* Release */,
			);
			defaultConfigurationIsVisible = 0;
			defaultConfigurationName = Release;
		};
/* End XCConfigurationList section */
	};
	rootObject = 3DE156F127947AA400EA611A /* Project object */;
}
